
Microsoft Visual Studio Solution File, Format Version 12.00
# Visual Studio 15
VisualStudioVersion = 15.0.28307.572
MinimumVisualStudioVersion = 10.0.40219.1
Project("{FAE04EC0-301F-11D3-BF4B-00C04F79EFBC}") = "Demo_WCS", "Demo_WCS.csproj", "{05E6607A-7E3C-426A-8D68-B1618AD82B6B}"
EndProject
Project("{FAE04EC0-301F-11D3-BF4B-00C04F79EFBC}") = "DT-WAP-VCS", "..\DT-WAP-VCS\DT-WAP-VCS.csproj", "{8EA6331E-CC2C-4D44-9B24-8317EB84A40E}"
EndProject
Global
	GlobalSection(SolutionConfigurationPlatforms) = preSolution
		Debug|Any CPU = Debug|Any CPU
		Release|Any CPU = Release|Any CPU
	EndGlobalSection
	GlobalSection(ProjectConfigurationPlatforms) = postSolution
		{05E6607A-7E3C-426A-8D68-B1618AD82B6B}.Debug|Any CPU.ActiveCfg = Debug|Any CPU
		{05E6607A-7E3C-426A-8D68-B1618AD82B6B}.Debug|Any CPU.Build.0 = Debug|Any CPU
		{05E6607A-7E3C-426A-8D68-B1618AD82B6B}.Release|Any CPU.ActiveCfg = Release|Any CPU
		{05E6607A-7E3C-426A-8D68-B1618AD82B6B}.Release|Any CPU.Build.0 = Release|Any CPU
		{8EA6331E-CC2C-4D44-9B24-8317EB84A40E}.Debug|Any CPU.ActiveCfg = Debug|Any CPU
		{8EA6331E-CC2C-4D44-9B24-8317EB84A40E}.Debug|Any CPU.Build.0 = Debug|Any CPU
		{8EA6331E-CC2C-4D44-9B24-8317EB84A40E}.Release|Any CPU.ActiveCfg = Release|Any CPU
		{8EA6331E-CC2C-4D44-9B24-8317EB84A40E}.Release|Any CPU.Build.0 = Release|Any CPU
	EndGlobalSection
	GlobalSection(SolutionProperties) = preSolution
		HideSolutionNode = FALSE
	EndGlobalSection
	GlobalSection(ExtensibilityGlobals) = postSolution
		SolutionGuid = {E0B9D4DC-AE4C-416B-84D9-36163B558C8B}
	EndGlobalSection
EndGlobal
